
Microsoft Visual Studio Solution File, Format Version 12.00
# Visual Studio Version 17
VisualStudioVersion = 17.6.33513.286
MinimumVisualStudioVersion = 10.0.40219.1
Project("{FAE04EC0-301F-11D3-BF4B-00C04F79EFBC}") = "excel-blazor-web-addin", "excel-blazor-web-addin.csproj", "{1B08E0E3-BE5D-40ED-A477-A8ADE1D3533E}"
EndProject
Global
	GlobalSection(SolutionConfigurationPlatforms) = preSolution
		Debug|Any CPU = Debug|Any CPU
		Release|Any CPU = Release|Any CPU
	EndGlobalSection
	GlobalSection(ProjectConfigurationPlatforms) = postSolution
		{1B08E0E3-BE5D-40ED-A477-A8ADE1D3533E}.Debug|Any CPU.ActiveCfg = Debug|Any CPU
		{1B08E0E3-BE5D-40ED-A477-A8ADE1D3533E}.Debug|Any CPU.Build.0 = Debug|Any CPU
		{1B08E0E3-BE5D-40ED-A477-A8ADE1D3533E}.Release|Any CPU.ActiveCfg = Release|Any CPU
		{1B08E0E3-BE5D-40ED-A477-A8ADE1D3533E}.Release|Any CPU.Build.0 = Release|Any CPU
	EndGlobalSection
	GlobalSection(SolutionProperties) = preSolution
		HideSolutionNode = FALSE
	EndGlobalSection
	GlobalSection(ExtensibilityGlobals) = postSolution
		SolutionGuid = {5EA84662-406F-488B-9D02-81BD64BB450E}
	EndGlobalSection
EndGlobal
